{"1.1.0",
[{<<"cf">>,{pkg,<<"cf">>,<<"0.3.1">>},2},
 {<<"ejson">>,
  {git,"git://github.com/jonasrichard/ejson.git",
       {ref,"955826c86453fa7f351db36b3430c14e8892070c"}},
  0},
 {<<"erlware_commons">>,{pkg,<<"erlware_commons">>,<<"1.1.0">>},1},
 {<<"goldrush">>,{pkg,<<"goldrush">>,<<"0.1.9">>},1},
 {<<"jsx">>,
  {git,"git://github.com/talentdeficit/jsx.git",
       {ref,"45ffea21a6863c58fb7da1f937e868916ff68b27"}},
  0},
 {<<"lager">>,
  {git,"git://github.com/erlang-lager/lager.git",
       {ref,"d0a9db3b7aff9a46809e037c73a5b6d70db83ab9"}},
  0},
 {<<"qdate">>,
  {git,"git://github.com/choptastic/qdate.git",
       {ref,"1cccb8392abb9c914ad81a6a7cb1072a32d4d83c"}},
  0},
 {<<"qdate_localtime">>,{pkg,<<"qdate_localtime">>,<<"1.1.0">>},1}]}.
[
{pkg_hash,[
 {<<"cf">>, <<"5CB902239476E141EA70A740340233782D363A31EEA8AD37049561542E6CD641">>},
 {<<"erlware_commons">>, <<"F69F3D96044C2A9E735CCD76F469FEC5FC851797E5FE23115698B4EDC072191B">>},
 {<<"goldrush">>, <<"F06E5D5F1277DA5C413E84D5A2924174182FB108DABB39D5EC548B27424CD106">>},
 {<<"qdate_localtime">>, <<"5F6C3ACF10ECC5A7E2EFA3DCD2C863102B962188DBD9E086EC01D29FE029DA29">>}]}
].
